<?xml version="1.0" encoding="UTF-8" standalone="yes" ?>
<CodeBlocks_project_file>
	<FileVersion major="1" minor="6" />
	<Project>
		<Option title="QuPainter" />
		<Option pch_mode="2" />
		<Option compiler="gcc" />
		<Build>
			<Target title="Debug">
				<Option output="bin/Debug/QuPainter" prefix_auto="1" extension_auto="1" />
				<Option object_output="obj/Debug/" />
				<Option type="1" />
				<Option compiler="gcc" />
				<Compiler>
					<Add option="-g" />
					<Add directory="view" />
					<Add directory="." />
					<Add directory="logic" />
					<Add directory="store" />
					<Add directory="data" />
				</Compiler>
			</Target>
			<Target title="Release">
				<Option output="bin/Release/QuPainter" prefix_auto="1" extension_auto="1" />
				<Option object_output="obj/Release/" />
				<Option type="0" />
				<Option compiler="gcc" />
				<Compiler>
					<Add option="-O2" />
					<Add option="-s" />
					<Add directory="view" />
					<Add directory="logic" />
					<Add directory="store" />
					<Add directory="data" />
				</Compiler>
			</Target>
		</Build>
		<Compiler>
			<Add option="`fltk-config --cxxflags`" />
			<Add directory="core" />
			<Add directory="start" />
			<Add directory="store" />
			<Add directory="view" />
			<Add directory="data" />
			<Add directory="logic" />
		</Compiler>
		<Linker>
			<Add option="`fltk-config --ldflags`" />
			<Add library="/usr/lib64/libfltk_images.so" />
			<Add library="/usr/lib64/libfltk_gl.so" />
			<Add library="/usr/lib64/libfltk_forms.so" />
			<Add library="/usr/lib64/libfltk.so" />
		</Linker>
		<Unit filename="core/QuClass.cpp" />
		<Unit filename="core/QuClass.h" />
		<Unit filename="core/QuCore.cpp" />
		<Unit filename="core/QuCore.h" />
		<Unit filename="core/QuData.cpp" />
		<Unit filename="core/QuData.h" />
		<Unit filename="core/QuEntity.cpp" />
		<Unit filename="core/QuEntity.h" />
		<Unit filename="core/QuLogicKeg.cpp" />
		<Unit filename="core/QuLogicKeg.h" />
		<Unit filename="core/QuObject.cpp" />
		<Unit filename="core/QuObject.h" />
		<Unit filename="core/QuStoreKeg.cpp" />
		<Unit filename="core/QuStoreKeg.h" />
		<Unit filename="core/QuViewKeg.cpp" />
		<Unit filename="core/QuViewKeg.h" />
		<Unit filename="data/QuLine.cpp" />
		<Unit filename="data/QuLine.h" />
		<Unit filename="data/QuPoint.cpp" />
		<Unit filename="data/QuPoint.h" />
		<Unit filename="data/QuSurface.cpp" />
		<Unit filename="data/QuSurface.h" />
		<Unit filename="logic/QuLogic.cpp" />
		<Unit filename="logic/QuLogic.h" />
		<Unit filename="main.cpp" />
		<Unit filename="start/QuStarter.cpp" />
		<Unit filename="start/QuStarter.h" />
		<Unit filename="store/QuPaintXmlFile.cpp" />
		<Unit filename="store/QuPaintXmlFile.h" />
		<Unit filename="store/QuStore.cpp" />
		<Unit filename="store/QuStore.h" />
		<Unit filename="view/QuButton.cpp" />
		<Unit filename="view/QuButton.h" />
		<Unit filename="view/QuCanvas.cpp" />
		<Unit filename="view/QuCanvas.h" />
		<Unit filename="view/QuScrollView.cpp" />
		<Unit filename="view/QuScrollView.h" />
		<Unit filename="view/QuTabsView.cpp" />
		<Unit filename="view/QuTabsView.h" />
		<Unit filename="view/QuView.cpp" />
		<Unit filename="view/QuView.h" />
		<Unit filename="view/QuWindow.cpp" />
		<Unit filename="view/QuWindow.h" />
		<Extensions>
			<code_completion />
			<debugger />
		</Extensions>
	</Project>
</CodeBlocks_project_file>
